<?xml version="1.0" encoding="utf-8"?>
<Project ToolsVersion="4.0" xmlns="http://schemas.microsoft.com/developer/msbuild/2003">
  <ItemGroup>
    <ClCompile Include="Const.cpp">
      <Filter>Source Files</Filter>
    </ClCompile>
    <ClCompile Include="Machine.cpp">
      <Filter>Source Files</Filter>
    </ClCompile>
    <ClCompile Include="MachineDlg.cpp">
      <Filter>Source Files</Filter>
    </ClCompile>
    <ClCompile Include="MachineFactory.cpp">
      <Filter>Source Files</Filter>
    </ClCompile>
    <ClCompile Include="MachineLib.cpp">
      <Filter>Source Files</Filter>
    </ClCompile>
    <ClCompile Include="MachineStandin.cpp">
      <Filter>Source Files</Filter>
    </ClCompile>
    <ClCompile Include="pch.cpp">
      <Filter>Source Files</Filter>
    </ClCompile>
    <ClCompile Include="Polygon.cpp">
      <Filter>Source Files</Filter>
    </ClCompile>
    <ClCompile Include="MachineActual.cpp">
      <Filter>Source Files</Filter>
    </ClCompile>
    <ClCompile Include="MachineImage.cpp">
      <Filter>Source Files</Filter>
    </ClCompile>
    <ClCompile Include="Component.cpp">
      <Filter>Source Files</Filter>
    </ClCompile>
    <ClCompile Include="Snowblower.cpp">
      <Filter>Source Files</Filter>
    </ClCompile>
    <ClCompile Include="Snow.cpp">
      <Filter>Source Files</Filter>
    </ClCompile>
    <ClCompile Include="Pulley.cpp">
      <Filter>Source Files</Filter>
    </ClCompile>
    <ClCompile Include="Motor.cpp">
      <Filter>Source Files</Filter>
    </ClCompile>
    <ClCompile Include="Shape.cpp">
      <Filter>Source Files</Filter>
    </ClCompile>
    <ClCompile Include="Source.cpp">
      <Filter>Source Files</Filter>
    </ClCompile>
    <ClCompile Include="Sink.cpp">
      <Filter>Source Files</Filter>
    </ClCompile>
    <ClCompile Include="MachineOneFactory.cpp">
      <Filter>Source Files</Filter>
    </ClCompile>
    <ClCompile Include="MachineTwoFactory.cpp">
      <Filter>Source Files</Filter>
    </ClCompile>
  </ItemGroup>
  <ItemGroup>
    <ClInclude Include="Const.h">
      <Filter>Header Files</Filter>
    </ClInclude>
    <ClInclude Include="Machine.h">
      <Filter>Header Files</Filter>
    </ClInclude>
    <ClInclude Include="MachineDlg.h">
      <Filter>Header Files</Filter>
    </ClInclude>
    <ClInclude Include="MachineFactory.h">
      <Filter>Header Files</Filter>
    </ClInclude>
    <ClInclude Include="MachineLib.h">
      <Filter>Header Files</Filter>
    </ClInclude>
    <ClInclude Include="MachineStandin.h">
      <Filter>Header Files</Filter>
    </ClInclude>
    <ClInclude Include="Polygon.h">
      <Filter>Header Files</Filter>
    </ClInclude>
    <ClInclude Include="pch.h">
      <Filter>Header Files</Filter>
    </ClInclude>
    <ClInclude Include="Resource.h">
      <Filter>Header Files</Filter>
    </ClInclude>
    <ClInclude Include="targetver.h">
      <Filter>Header Files</Filter>
    </ClInclude>
    <ClInclude Include="MachineActual.h">
      <Filter>Header Files</Filter>
    </ClInclude>
    <ClInclude Include="MachineImage.h">
      <Filter>Header Files</Filter>
    </ClInclude>
    <ClInclude Include="Component.h">
      <Filter>Header Files</Filter>
    </ClInclude>
    <ClInclude Include="Snowblower.h">
      <Filter>Header Files</Filter>
    </ClInclude>
    <ClInclude Include="Snow.h">
      <Filter>Header Files</Filter>
    </ClInclude>
    <ClInclude Include="Pulley.h">
      <Filter>Header Files</Filter>
    </ClInclude>
    <ClInclude Include="Motor.h">
      <Filter>Header Files</Filter>
    </ClInclude>
    <ClInclude Include="Shape.h">
      <Filter>Header Files</Filter>
    </ClInclude>
    <ClInclude Include="Source.h">
      <Filter>Header Files</Filter>
    </ClInclude>
    <ClInclude Include="Sink.h">
      <Filter>Header Files</Filter>
    </ClInclude>
    <ClInclude Include="MachineOneFactory.h">
      <Filter>Header Files</Filter>
    </ClInclude>
    <ClInclude Include="MachineTwoFactory.h">
      <Filter>Header Files</Filter>
    </ClInclude>
  </ItemGroup>
  <ItemGroup>
    <Image Include="res\machine.bmp">
      <Filter>Resource Files</Filter>
    </Image>
    <Image Include="res\tree100.bmp">
      <Filter>Resource Files</Filter>
    </Image>
  </ItemGroup>
  <ItemGroup>
    <None Include="MachineLib.def">
      <Filter>Resource Files</Filter>
    </None>
    <None Include="res\MachineLib.rc2">
      <Filter>Resource Files</Filter>
    </None>
  </ItemGroup>
  <ItemGroup>
    <Filter Include="Header Files">
      <UniqueIdentifier>{f9c335c3-7e68-45e3-a9e6-5829a5692686}</UniqueIdentifier>
    </Filter>
    <Filter Include="Resource Files">
      <UniqueIdentifier>{970918d4-e9f8-4d23-92b2-03b9df701465}</UniqueIdentifier>
    </Filter>
    <Filter Include="Source Files">
      <UniqueIdentifier>{02b1e9a1-6fbe-4173-a50a-f65e2a8f1693}</UniqueIdentifier>
    </Filter>
  </ItemGroup>
  <ItemGroup>
    <ResourceCompile Include="MachineLib.rc">
      <Filter>Resource Files</Filter>
    </ResourceCompile>
  </ItemGroup>
</Project>